
Microsoft Visual Studio Solution File, Format Version 12.00
# Visual Studio 15
VisualStudioVersion = 15.0.28010.2050
MinimumVisualStudioVersion = 10.0.40219.1
Project("{FAE04EC0-301F-11D3-BF4B-00C04F79EFBC}") = "Padsys", "Padsys\Padsys.csproj", "{0BD78E26-5D73-40CC-A06D-DEEE2E15EAB3}"
EndProject
Global
	GlobalSection(SolutionConfigurationPlatforms) = preSolution
		Debug|Any CPU = Debug|Any CPU
		Debug|Mixed Platforms = Debug|Mixed Platforms
		Debug|x86 = Debug|x86
		Release|Any CPU = Release|Any CPU
		Release|Mixed Platforms = Release|Mixed Platforms
		Release|x86 = Release|x86
	EndGlobalSection
	GlobalSection(ProjectConfigurationPlatforms) = postSolution
		{0BD78E26-5D73-40CC-A06D-DEEE2E15EAB3}.Debug|Any CPU.ActiveCfg = Debug|Any CPU
		{0BD78E26-5D73-40CC-A06D-DEEE2E15EAB3}.Debug|Any CPU.Build.0 = Debug|Any CPU
		{0BD78E26-5D73-40CC-A06D-DEEE2E15EAB3}.Debug|Mixed Platforms.ActiveCfg = Debug|Any CPU
		{0BD78E26-5D73-40CC-A06D-DEEE2E15EAB3}.Debug|Mixed Platforms.Build.0 = Debug|Any CPU
		{0BD78E26-5D73-40CC-A06D-DEEE2E15EAB3}.Debug|x86.ActiveCfg = Debug|Any CPU
		{0BD78E26-5D73-40CC-A06D-DEEE2E15EAB3}.Debug|x86.Build.0 = Debug|Any CPU
		{0BD78E26-5D73-40CC-A06D-DEEE2E15EAB3}.Release|Any CPU.ActiveCfg = Release|Any CPU
		{0BD78E26-5D73-40CC-A06D-DEEE2E15EAB3}.Release|Any CPU.Build.0 = Release|Any CPU
		{0BD78E26-5D73-40CC-A06D-DEEE2E15EAB3}.Release|Mixed Platforms.ActiveCfg = Release|Any CPU
		{0BD78E26-5D73-40CC-A06D-DEEE2E15EAB3}.Release|Mixed Platforms.Build.0 = Release|Any CPU
		{0BD78E26-5D73-40CC-A06D-DEEE2E15EAB3}.Release|x86.ActiveCfg = Release|Any CPU
		{0BD78E26-5D73-40CC-A06D-DEEE2E15EAB3}.Release|x86.Build.0 = Release|Any CPU
	EndGlobalSection
	GlobalSection(SolutionProperties) = preSolution
		HideSolutionNode = FALSE
	EndGlobalSection
	GlobalSection(ExtensibilityGlobals) = postSolution
		SolutionGuid = {4D7A27F8-70EB-4DD0-BA4C-1FCBA6710AD3}
	EndGlobalSection
	GlobalSection(MonoDevelopProperties) = preSolution
		StartupItem = Test_Console\Test_Console.csproj
	EndGlobalSection
	GlobalSection(MonoDevelopProperties) = preSolution
		StartupItem = Test_Console\Test_Console.csproj
	EndGlobalSection
	GlobalSection(MonoDevelopProperties) = preSolution
		StartupItem = Test_Console\Test_Console.csproj
	EndGlobalSection
EndGlobal
